
Microsoft Visual Studio Solution File, Format Version 12.00
# Visual Studio Version 16
VisualStudioVersion = 16.0.30523.141
MinimumVisualStudioVersion = 10.0.40219.1
Project("{FAE04EC0-301F-11D3-BF4B-00C04F79EFBC}") = "lab_final_1", "lab_final_1.csproj", "{16D03FAA-DAA1-469D-B8C6-10D9060ED553}"
EndProject
Global
	GlobalSection(SolutionConfigurationPlatforms) = preSolution
		Debug|Any CPU = Debug|Any CPU
		Release|Any CPU = Release|Any CPU
	EndGlobalSection
	GlobalSection(ProjectConfigurationPlatforms) = postSolution
		{16D03FAA-DAA1-469D-B8C6-10D9060ED553}.Debug|Any CPU.ActiveCfg = Debug|Any CPU
		{16D03FAA-DAA1-469D-B8C6-10D9060ED553}.Debug|Any CPU.Build.0 = Debug|Any CPU
		{16D03FAA-DAA1-469D-B8C6-10D9060ED553}.Release|Any CPU.ActiveCfg = Release|Any CPU
		{16D03FAA-DAA1-469D-B8C6-10D9060ED553}.Release|Any CPU.Build.0 = Release|Any CPU
	EndGlobalSection
	GlobalSection(SolutionProperties) = preSolution
		HideSolutionNode = FALSE
	EndGlobalSection
	GlobalSection(ExtensibilityGlobals) = postSolution
		SolutionGuid = {9566128C-1CF8-4ED4-895E-5D0A64F1472B}
	EndGlobalSection
EndGlobal
