
Microsoft Visual Studio Solution File, Format Version 12.00
# Visual Studio Version 16
VisualStudioVersion = 16.0.30523.141
MinimumVisualStudioVersion = 10.0.40219.1
Project("{FAE04EC0-301F-11D3-BF4B-00C04F79EFBC}") = "GUI", "GUI.csproj", "{9D27ECBB-A131-49CA-8A1E-7920837D790F}"
EndProject
Global
	GlobalSection(SolutionConfigurationPlatforms) = preSolution
		Debug|Any CPU = Debug|Any CPU
		Release|Any CPU = Release|Any CPU
	EndGlobalSection
	GlobalSection(ProjectConfigurationPlatforms) = postSolution
		{9D27ECBB-A131-49CA-8A1E-7920837D790F}.Debug|Any CPU.ActiveCfg = Debug|Any CPU
		{9D27ECBB-A131-49CA-8A1E-7920837D790F}.Debug|Any CPU.Build.0 = Debug|Any CPU
		{9D27ECBB-A131-49CA-8A1E-7920837D790F}.Release|Any CPU.ActiveCfg = Release|Any CPU
		{9D27ECBB-A131-49CA-8A1E-7920837D790F}.Release|Any CPU.Build.0 = Release|Any CPU
	EndGlobalSection
	GlobalSection(SolutionProperties) = preSolution
		HideSolutionNode = FALSE
	EndGlobalSection
	GlobalSection(ExtensibilityGlobals) = postSolution
		SolutionGuid = {2DC48619-52D9-4514-8155-B6B73A868C5C}
	EndGlobalSection
EndGlobal
