
Microsoft Visual Studio Solution File, Format Version 12.00
# Visual Studio Version 16
VisualStudioVersion = 16.0.30523.141
MinimumVisualStudioVersion = 10.0.40219.1
Project("{FAE04EC0-301F-11D3-BF4B-00C04F79EFBC}") = "Account_9th", "Account_9th.csproj", "{F6705043-E126-47A6-85E0-3BCE8DF048D0}"
EndProject
Global
	GlobalSection(SolutionConfigurationPlatforms) = preSolution
		Debug|Any CPU = Debug|Any CPU
		Release|Any CPU = Release|Any CPU
	EndGlobalSection
	GlobalSection(ProjectConfigurationPlatforms) = postSolution
		{F6705043-E126-47A6-85E0-3BCE8DF048D0}.Debug|Any CPU.ActiveCfg = Debug|Any CPU
		{F6705043-E126-47A6-85E0-3BCE8DF048D0}.Debug|Any CPU.Build.0 = Debug|Any CPU
		{F6705043-E126-47A6-85E0-3BCE8DF048D0}.Release|Any CPU.ActiveCfg = Release|Any CPU
		{F6705043-E126-47A6-85E0-3BCE8DF048D0}.Release|Any CPU.Build.0 = Release|Any CPU
	EndGlobalSection
	GlobalSection(SolutionProperties) = preSolution
		HideSolutionNode = FALSE
	EndGlobalSection
	GlobalSection(ExtensibilityGlobals) = postSolution
		SolutionGuid = {D7632A42-1AF7-4694-85A4-051A53B9E119}
	EndGlobalSection
EndGlobal
